
Microsoft Visual Studio Solution File, Format Version 12.00
# Visual Studio Version 16
VisualStudioVersion = 16.0.28922.388
MinimumVisualStudioVersion = 10.0.40219.1
Project("{FAE04EC0-301F-11D3-BF4B-00C04F79EFBC}") = "AbaxOppgave", "ConsoleApp1\AbaxOppgave.csproj", "{78DE535A-9747-40F9-8D38-7231FFD6DBFB}"
EndProject
Global
	GlobalSection(SolutionConfigurationPlatforms) = preSolution
		Debug|Any CPU = Debug|Any CPU
		Release|Any CPU = Release|Any CPU
	EndGlobalSection
	GlobalSection(ProjectConfigurationPlatforms) = postSolution
		{78DE535A-9747-40F9-8D38-7231FFD6DBFB}.Debug|Any CPU.ActiveCfg = Debug|Any CPU
		{78DE535A-9747-40F9-8D38-7231FFD6DBFB}.Debug|Any CPU.Build.0 = Debug|Any CPU
		{78DE535A-9747-40F9-8D38-7231FFD6DBFB}.Release|Any CPU.ActiveCfg = Release|Any CPU
		{78DE535A-9747-40F9-8D38-7231FFD6DBFB}.Release|Any CPU.Build.0 = Release|Any CPU
	EndGlobalSection
	GlobalSection(SolutionProperties) = preSolution
		HideSolutionNode = FALSE
	EndGlobalSection
	GlobalSection(ExtensibilityGlobals) = postSolution
		SolutionGuid = {EAB68106-275C-4CFA-A1A7-1E3FD4E0FCCD}
	EndGlobalSection
EndGlobal
